
Microsoft Visual Studio Solution File, Format Version 12.00
# Visual Studio Version 16
VisualStudioVersion = 16.0.809.9
MinimumVisualStudioVersion = 10.0.40219.1
Project("{FAE04EC0-301F-11D3-BF4B-00C04F79EFBC}") = "Web1001-test102", "Web1001-test102\Web1001-test102.csproj", "{3A58BACF-8D3C-439E-BFE1-C8924691B72A}"
EndProject
Global
	GlobalSection(SolutionConfigurationPlatforms) = preSolution
		Debug|Any CPU = Debug|Any CPU
		Release|Any CPU = Release|Any CPU
	EndGlobalSection
	GlobalSection(ProjectConfigurationPlatforms) = postSolution
		{3A58BACF-8D3C-439E-BFE1-C8924691B72A}.Debug|Any CPU.ActiveCfg = Debug|Any CPU
		{3A58BACF-8D3C-439E-BFE1-C8924691B72A}.Debug|Any CPU.Build.0 = Debug|Any CPU
		{3A58BACF-8D3C-439E-BFE1-C8924691B72A}.Release|Any CPU.ActiveCfg = Release|Any CPU
		{3A58BACF-8D3C-439E-BFE1-C8924691B72A}.Release|Any CPU.Build.0 = Release|Any CPU
	EndGlobalSection
	GlobalSection(SolutionProperties) = preSolution
		HideSolutionNode = FALSE
	EndGlobalSection
	GlobalSection(ExtensibilityGlobals) = postSolution
		SolutionGuid = {F275C98B-C81A-49DC-B4A4-9755A47151D6}
	EndGlobalSection
EndGlobal
